// !$*UTF8*$!
{
	archiveVersion = 1;
	classes = {
	};
	objectVersion = 50;
	objects = {

/* Begin PBXBuildFile section */
		AAE53B7C20A9BAF200DB8BB0 /* AppDelegate.swift in Sources */ = {isa = PBXBuildFile; fileRef = AAE53B7B20A9BAF200DB8BB0 /* AppDelegate.swift */; };
		AAE53B7E20A9BAF200DB8BB0 /* RecordSoundViewController.swift in Sources */ = {isa = PBXBuildFile; fileRef = AAE53B7D20A9BAF200DB8BB0 /* RecordSoundViewController.swift */; };
		AAE53B8120A9BAF200DB8BB0 /* Main.storyboard in Resources */ = {isa = PBXBuildFile; fileRef = AAE53B7F20A9BAF200DB8BB0 /* Main.storyboard */; };
		AAE53B8420A9BAF300DB8BB0 /* TestApp.xcdatamodeld in Sources */ = {isa = PBXBuildFile; fileRef = AAE53B8220A9BAF300DB8BB0 /* TestApp.xcdatamodeld */; };
		AAE53B8620A9BAF400DB8BB0 /* Assets.xcassets in Resources */ = {isa = PBXBuildFile; fileRef = AAE53B8520A9BAF400DB8BB0 /* Assets.xcassets */; };
		AAE53B8920A9BAF400DB8BB0 /* LaunchScreen.storyboard in Resources */ = {isa = PBXBuildFile; fileRef = AAE53B8720A9BAF400DB8BB0 /* LaunchScreen.storyboard */; };
		AAE53BAD20AA742900DB8BB0 /* PlaySoundViewController.swift in Sources */ = {isa = PBXBuildFile; fileRef = AAE53BAC20AA742900DB8BB0 /* PlaySoundViewController.swift */; };
		AAE53BAF20AA908100DB8BB0 /* playsoundsviewcontroller-audio.swift in Sources */ = {isa = PBXBuildFile; fileRef = AAE53BAE20AA908100DB8BB0 /* playsoundsviewcontroller-audio.swift */; };
/* End PBXBuildFile section */

/* Begin PBXContainerItemProxy section */
		AAE53B9020A9BAF400DB8BB0 /* PBXContainerItemProxy */ = {
			isa = PBXContainerItemProxy;
			containerPortal = AAE53B7020A9BAF200DB8BB0 /* Project object */;
			proxyType = 1;
			remoteGlobalIDString = AAE53B7720A9BAF200DB8BB0;
			remoteInfo = TestApp;
		};
		AAE53B9B20A9BAF400DB8BB0 /* PBXContainerItemProxy */ = {
			isa = PBXContainerItemProxy;
			containerPortal = AAE53B7020A9BAF200DB8BB0 /* Project object */;
			proxyType = 1;
			remoteGlobalIDString = AAE53B7720A9BAF200DB8BB0;
			remoteInfo = TestApp;
		};
/* End PBXContainerItemProxy section */

/* Begin PBXFileReference section */
		AAE53B7820A9BAF200DB8BB0 /* Audio Effects.app */ = {isa = PBXFileReference; explicitFileType = wrapper.application; includeInIndex = 0; path = "Audio Effects.app"; sourceTree = BUILT_PRODUCTS_DIR; };
		AAE53B7B20A9BAF200DB8BB0 /* AppDelegate.swift */ = {isa = PBXFileReference; lastKnownFileType = sourcecode.swift; path = AppDelegate.swift; sourceTree = "<group>"; };
		AAE53B7D20A9BAF200DB8BB0 /* RecordSoundViewController.swift */ = {isa = PBXFileReference; lastKnownFileType = sourcecode.swift; path = RecordSoundViewController.swift; sourceTree = "<group>"; };
		AAE53B8020A9BAF200DB8BB0 /* Base */ = {isa = PBXFileReference; lastKnownFileType = file.storyboard; name = Base; path = Base.lproj/Main.storyboard; sourceTree = "<group>"; };
		AAE53B8320A9BAF300DB8BB0 /* TestApp.xcdatamodel */ = {isa = PBXFileReference; lastKnownFileType = wrapper.xcdatamodel; path = TestApp.xcdatamodel; sourceTree = "<group>"; };
		AAE53B8520A9BAF400DB8BB0 /* Assets.xcassets */ = {isa = PBXFileReference; lastKnownFileType = folder.assetcatalog; path = Assets.xcassets; sourceTree = "<group>"; };
		AAE53B8820A9BAF400DB8BB0 /* Base */ = {isa = PBXFileReference; lastKnownFileType = file.storyboard; name = Base; path = Base.lproj/LaunchScreen.storyboard; sourceTree = "<group>"; };
		AAE53B8A20A9BAF400DB8BB0 /* Info.plist */ = {isa = PBXFileReference; lastKnownFileType = text.plist.xml; path = Info.plist; sourceTree = "<group>"; };
		AAE53B8F20A9BAF400DB8BB0 /* Audio EffectsTests.xctest */ = {isa = PBXFileReference; explicitFileType = wrapper.cfbundle; includeInIndex = 0; path = "Audio EffectsTests.xctest"; sourceTree = BUILT_PRODUCTS_DIR; };
		AAE53B9A20A9BAF400DB8BB0 /* Audio EffectsUITests.xctest */ = {isa = PBXFileReference; explicitFileType = wrapper.cfbundle; includeInIndex = 0; path = "Audio EffectsUITests.xctest"; sourceTree = BUILT_PRODUCTS_DIR; };
		AAE53BAC20AA742900DB8BB0 /* PlaySoundViewController.swift */ = {isa = PBXFileReference; lastKnownFileType = sourcecode.swift; path = PlaySoundViewController.swift; sourceTree = "<group>"; };
		AAE53BAE20AA908100DB8BB0 /* playsoundsviewcontroller-audio.swift */ = {isa = PBXFileReference; fileEncoding = 4; lastKnownFileType = sourcecode.swift; path = "playsoundsviewcontroller-audio.swift"; sourceTree = "<group>"; };
/* End PBXFileReference section */

/* Begin PBXFrameworksBuildPhase section */
		AAE53B7520A9BAF200DB8BB0 /* Frameworks */ = {
			isa = PBXFrameworksBuildPhase;
			buildActionMask = 2147483647;
			files = (
			);
			runOnlyForDeploymentPostprocessing = 0;
		};
		AAE53B8C20A9BAF400DB8BB0 /* Frameworks */ = {
			isa = PBXFrameworksBuildPhase;
			buildActionMask = 2147483647;
			files = (
			);
			runOnlyForDeploymentPostprocessing = 0;
		};
		AAE53B9720A9BAF400DB8BB0 /* Frameworks */ = {
			isa = PBXFrameworksBuildPhase;
			buildActionMask = 2147483647;
			files = (
			);
			runOnlyForDeploymentPostprocessing = 0;
		};
/* End PBXFrameworksBuildPhase section */

/* Begin PBXGroup section */
		AAE53B6F20A9BAF200DB8BB0 = {
			isa = PBXGroup;
			children = (
				AAE53B7A20A9BAF200DB8BB0 /* AudioEffects */,
				AAE53B7920A9BAF200DB8BB0 /* Products */,
			);
			sourceTree = "<group>";
		};
		AAE53B7920A9BAF200DB8BB0 /* Products */ = {
			isa = PBXGroup;
			children = (
				AAE53B7820A9BAF200DB8BB0 /* Audio Effects.app */,
				AAE53B8F20A9BAF400DB8BB0 /* Audio EffectsTests.xctest */,
				AAE53B9A20A9BAF400DB8BB0 /* Audio EffectsUITests.xctest */,
			);
			name = Products;
			sourceTree = "<group>";
		};
		AAE53B7A20A9BAF200DB8BB0 /* AudioEffects */ = {
			isa = PBXGroup;
			children = (
				AAE53B7B20A9BAF200DB8BB0 /* AppDelegate.swift */,
				AAE53B7D20A9BAF200DB8BB0 /* RecordSoundViewController.swift */,
				AAE53B7F20A9BAF200DB8BB0 /* Main.storyboard */,
				AAE53B8520A9BAF400DB8BB0 /* Assets.xcassets */,
				AAE53B8720A9BAF400DB8BB0 /* LaunchScreen.storyboard */,
				AAE53B8A20A9BAF400DB8BB0 /* Info.plist */,
				AAE53B8220A9BAF300DB8BB0 /* TestApp.xcdatamodeld */,
				AAE53BAC20AA742900DB8BB0 /* PlaySoundViewController.swift */,
				AAE53BAE20AA908100DB8BB0 /* playsoundsviewcontroller-audio.swift */,
			);
			path = AudioEffects;
			sourceTree = "<group>";
		};
/* End PBXGroup section */

/* Begin PBXNativeTarget section */
		AAE53B7720A9BAF200DB8BB0 /* Audio Effects */ = {
			isa = PBXNativeTarget;
			buildConfigurationList = AAE53BA320A9BAF400DB8BB0 /* Build configuration list for PBXNativeTarget "Audio Effects" */;
			buildPhases = (
				AAE53B7420A9BAF200DB8BB0 /* Sources */,
				AAE53B7520A9BAF200DB8BB0 /* Frameworks */,
				AAE53B7620A9BAF200DB8BB0 /* Resources */,
			);
			buildRules = (
			);
			dependencies = (
			);
			name = "Audio Effects";
			productName = TestApp;
			productReference = AAE53B7820A9BAF200DB8BB0 /* Audio Effects.app */;
			productType = "com.apple.product-type.application";
		};
		AAE53B8E20A9BAF400DB8BB0 /* Audio EffectsTests */ = {
			isa = PBXNativeTarget;
			buildConfigurationList = AAE53BA620A9BAF400DB8BB0 /* Build configuration list for PBXNativeTarget "Audio EffectsTests" */;
			buildPhases = (
				AAE53B8B20A9BAF400DB8BB0 /* Sources */,
				AAE53B8C20A9BAF400DB8BB0 /* Frameworks */,
				AAE53B8D20A9BAF400DB8BB0 /* Resources */,
			);
			buildRules = (
			);
			dependencies = (
				AAE53B9120A9BAF400DB8BB0 /* PBXTargetDependency */,
			);
			name = "Audio EffectsTests";
			productName = TestAppTests;
			productReference = AAE53B8F20A9BAF400DB8BB0 /* Audio EffectsTests.xctest */;
			productType = "com.apple.product-type.bundle.unit-test";
		};
		AAE53B9920A9BAF400DB8BB0 /* Audio EffectsUITests */ = {
			isa = PBXNativeTarget;
			buildConfigurationList = AAE53BA920A9BAF400DB8BB0 /* Build configuration list for PBXNativeTarget "Audio EffectsUITests" */;
			buildPhases = (
				AAE53B9620A9BAF400DB8BB0 /* Sources */,
				AAE53B9720A9BAF400DB8BB0 /* Frameworks */,
				AAE53B9820A9BAF400DB8BB0 /* Resources */,
			);
			buildRules = (
			);
			dependencies = (
				AAE53B9C20A9BAF400DB8BB0 /* PBXTargetDependency */,
			);
			name = "Audio EffectsUITests";
			productName = TestAppUITests;
			productReference = AAE53B9A20A9BAF400DB8BB0 /* Audio EffectsUITests.xctest */;
			productType = "com.apple.product-type.bundle.ui-testing";
		};
/* End PBXNativeTarget section */

/* Begin PBXProject section */
		AAE53B7020A9BAF200DB8BB0 /* Project object */ = {
			isa = PBXProject;
			attributes = {
				LastSwiftUpdateCheck = 0930;
				LastUpgradeCheck = 0930;
				ORGANIZATIONNAME = OAR;
				TargetAttributes = {
					AAE53B7720A9BAF200DB8BB0 = {
						CreatedOnToolsVersion = 9.3.1;
					};
					AAE53B8E20A9BAF400DB8BB0 = {
						CreatedOnToolsVersion = 9.3.1;
						TestTargetID = AAE53B7720A9BAF200DB8BB0;
					};
					AAE53B9920A9BAF400DB8BB0 = {
						CreatedOnToolsVersion = 9.3.1;
						TestTargetID = AAE53B7720A9BAF200DB8BB0;
					};
				};
			};
			buildConfigurationList = AAE53B7320A9BAF200DB8BB0 /* Build configuration list for PBXProject "Audio Effects" */;
			compatibilityVersion = "Xcode 9.3";
			developmentRegion = en;
			hasScannedForEncodings = 0;
			knownRegions = (
				en,
				Base,
			);
			mainGroup = AAE53B6F20A9BAF200DB8BB0;
			productRefGroup = AAE53B7920A9BAF200DB8BB0 /* Products */;
			projectDirPath = "";
			projectRoot = "";
			targets = (
				AAE53B7720A9BAF200DB8BB0 /* Audio Effects */,
				AAE53B8E20A9BAF400DB8BB0 /* Audio EffectsTests */,
				AAE53B9920A9BAF400DB8BB0 /* Audio EffectsUITests */,
			);
		};
/* End PBXProject section */

/* Begin PBXResourcesBuildPhase section */
		AAE53B7620A9BAF200DB8BB0 /* Resources */ = {
			isa = PBXResourcesBuildPhase;
			buildActionMask = 2147483647;
			files = (
				AAE53B8920A9BAF400DB8BB0 /* LaunchScreen.storyboard in Resources */,
				AAE53B8620A9BAF400DB8BB0 /* Assets.xcassets in Resources */,
				AAE53B8120A9BAF200DB8BB0 /* Main.storyboard in Resources */,
			);
			runOnlyForDeploymentPostprocessing = 0;
		};
		AAE53B8D20A9BAF400DB8BB0 /* Resources */ = {
			isa = PBXResourcesBuildPhase;
			buildActionMask = 2147483647;
			files = (
			);
			runOnlyForDeploymentPostprocessing = 0;
		};
		AAE53B9820A9BAF400DB8BB0 /* Resources */ = {
			isa = PBXResourcesBuildPhase;
			buildActionMask = 2147483647;
			files = (
			);
			runOnlyForDeploymentPostprocessing = 0;
		};
/* End PBXResourcesBuildPhase section */

/* Begin PBXSourcesBuildPhase section */
		AAE53B7420A9BAF200DB8BB0 /* Sources */ = {
			isa = PBXSourcesBuildPhase;
			buildActionMask = 2147483647;
			files = (
				AAE53B7E20A9BAF200DB8BB0 /* RecordSoundViewController.swift in Sources */,
				AAE53BAF20AA908100DB8BB0 /* playsoundsviewcontroller-audio.swift in Sources */,
				AAE53B8420A9BAF300DB8BB0 /* TestApp.xcdatamodeld in Sources */,
				AAE53BAD20AA742900DB8BB0 /* PlaySoundViewController.swift in Sources */,
				AAE53B7C20A9BAF200DB8BB0 /* AppDelegate.swift in Sources */,
			);
			runOnlyForDeploymentPostprocessing = 0;
		};
		AAE53B8B20A9BAF400DB8BB0 /* Sources */ = {
			isa = PBXSourcesBuildPhase;
			buildActionMask = 2147483647;
			files = (
			);
			runOnlyForDeploymentPostprocessing = 0;
		};
		AAE53B9620A9BAF400DB8BB0 /* Sources */ = {
			isa = PBXSourcesBuildPhase;
			buildActionMask = 2147483647;
			files = (
			);
			runOnlyForDeploymentPostprocessing = 0;
		};
/* End PBXSourcesBuildPhase section */

/* Begin PBXTargetDependency section */
		AAE53B9120A9BAF400DB8BB0 /* PBXTargetDependency */ = {
			isa = PBXTargetDependency;
			target = AAE53B7720A9BAF200DB8BB0 /* Audio Effects */;
			targetProxy = AAE53B9020A9BAF400DB8BB0 /* PBXContainerItemProxy */;
		};
		AAE53B9C20A9BAF400DB8BB0 /* PBXTargetDependency */ = {
			isa = PBXTargetDependency;
			target = AAE53B7720A9BAF200DB8BB0 /* Audio Effects */;
			targetProxy = AAE53B9B20A9BAF400DB8BB0 /* PBXContainerItemProxy */;
		};
/* End PBXTargetDependency section */

/* Begin PBXVariantGroup section */
		AAE53B7F20A9BAF200DB8BB0 /* Main.storyboard */ = {
			isa = PBXVariantGroup;
			children = (
				AAE53B8020A9BAF200DB8BB0 /* Base */,
			);
			name = Main.storyboard;
			sourceTree = "<group>";
		};
		AAE53B8720A9BAF400DB8BB0 /* LaunchScreen.storyboard */ = {
			isa = PBXVariantGroup;
			children = (
				AAE53B8820A9BAF400DB8BB0 /* Base */,
			);
			name = LaunchScreen.storyboard;
			sourceTree = "<group>";
		};
/* End PBXVariantGroup section */

/* Begin XCBuildConfiguration section */
		AAE53BA120A9BAF400DB8BB0 /* Debug */ = {
			isa = XCBuildConfiguration;
			buildSettings = {
				ALWAYS_SEARCH_USER_PATHS = NO;
				CLANG_ANALYZER_NONNULL = YES;
				CLANG_ANALYZER_NUMBER_OBJECT_CONVERSION = YES_AGGRESSIVE;
				CLANG_CXX_LANGUAGE_STANDARD = "gnu++14";
				CLANG_CXX_LIBRARY = "libc++";
				CLANG_ENABLE_MODULES = YES;
				CLANG_ENABLE_OBJC_ARC = YES;
				CLANG_ENABLE_OBJC_WEAK = YES;
				CLANG_WARN_BLOCK_CAPTURE_AUTORELEASING = YES;
				CLANG_WARN_BOOL_CONVERSION = YES;
				CLANG_WARN_COMMA = YES;
				CLANG_WARN_CONSTANT_CONVERSION = YES;
				CLANG_WARN_DEPRECATED_OBJC_IMPLEMENTATIONS = YES;
				CLANG_WARN_DIRECT_OBJC_ISA_USAGE = YES_ERROR;
				CLANG_WARN_DOCUMENTATION_COMMENTS = YES;
				CLANG_WARN_EMPTY_BODY = YES;
				CLANG_WARN_ENUM_CONVERSION = YES;
				CLANG_WARN_INFINITE_RECURSION = YES;
				CLANG_WARN_INT_CONVERSION = YES;
				CLANG_WARN_NON_LITERAL_NULL_CONVERSION = YES;
				CLANG_WARN_OBJC_IMPLICIT_RETAIN_SELF = YES;
				CLANG_WARN_OBJC_LITERAL_CONVERSION = YES;
				CLANG_WARN_OBJC_ROOT_CLASS = YES_ERROR;
				CLANG_WARN_RANGE_LOOP_ANALYSIS = YES;
				CLANG_WARN_STRICT_PROTOTYPES = YES;
				CLANG_WARN_SUSPICIOUS_MOVE = YES;
				CLANG_WARN_UNGUARDED_AVAILABILITY = YES_AGGRESSIVE;
				CLANG_WARN_UNREACHABLE_CODE = YES;
				CLANG_WARN__DUPLICATE_METHOD_MATCH = YES;
				CODE_SIGN_IDENTITY = "iPhone Developer";
				COPY_PHASE_STRIP = NO;
				DEBUG_INFORMATION_FORMAT = dwarf;
				ENABLE_STRICT_OBJC_MSGSEND = YES;
				ENABLE_TESTABILITY = YES;
				GCC_C_LANGUAGE_STANDARD = gnu11;
				GCC_DYNAMIC_NO_PIC = NO;
				GCC_NO_COMMON_BLOCKS = YES;
				GCC_OPTIMIZATION_LEVEL = 0;
				GCC_PREPROCESSOR_DEFINITIONS = (
					"DEBUG=1",
					"$(inherited)",
				);
				GCC_WARN_64_TO_32_BIT_CONVERSION = YES;
				GCC_WARN_ABOUT_RETURN_TYPE = YES_ERROR;
				GCC_WARN_UNDECLARED_SELECTOR = YES;
				GCC_WARN_UNINITIALIZED_AUTOS = YES_AGGRESSIVE;
				GCC_WARN_UNUSED_FUNCTION = YES;
				GCC_WARN_UNUSED_VARIABLE = YES;
				IPHONEOS_DEPLOYMENT_TARGET = 11.3;
				MTL_ENABLE_DEBUG_INFO = YES;
				ONLY_ACTIVE_ARCH = YES;
				SDKROOT = iphoneos;
				SWIFT_ACTIVE_COMPILATION_CONDITIONS = DEBUG;
				SWIFT_OPTIMIZATION_LEVEL = "-Onone";
			};
			name = Debug;
		};
		AAE53BA220A9BAF400DB8BB0 /* Release */ = {
			isa = XCBuildConfiguration;
			buildSettings = {
				ALWAYS_SEARCH_USER_PATHS = NO;
				CLANG_ANALYZER_NONNULL = YES;
				CLANG_ANALYZER_NUMBER_OBJECT_CONVERSION = YES_AGGRESSIVE;
				CLANG_CXX_LANGUAGE_STANDARD = "gnu++14";
				CLANG_CXX_LIBRARY = "libc++";
				CLANG_ENABLE_MODULES = YES;
				CLANG_ENABLE_OBJC_ARC = YES;
				CLANG_ENABLE_OBJC_WEAK = YES;
				CLANG_WARN_BLOCK_CAPTURE_AUTORELEASING = YES;
				CLANG_WARN_BOOL_CONVERSION = YES;
				CLANG_WARN_COMMA = YES;
				CLANG_WARN_CONSTANT_CONVERSION = YES;
				CLANG_WARN_DEPRECATED_OBJC_IMPLEMENTATIONS = YES;
				CLANG_WARN_DIRECT_OBJC_ISA_USAGE = YES_ERROR;
				CLANG_WARN_DOCUMENTATION_COMMENTS = YES;
				CLANG_WARN_EMPTY_BODY = YES;
				CLANG_WARN_ENUM_CONVERSION = YES;
				CLANG_WARN_INFINITE_RECURSION = YES;
				CLANG_WARN_INT_CONVERSION = YES;
				CLANG_WARN_NON_LITERAL_NULL_CONVERSION = YES;
				CLANG_WARN_OBJC_IMPLICIT_RETAIN_SELF = YES;
				CLANG_WARN_OBJC_LITERAL_CONVERSION = YES;
				CLANG_WARN_OBJC_ROOT_CLASS = YES_ERROR;
				CLANG_WARN_RANGE_LOOP_ANALYSIS = YES;
				CLANG_WARN_STRICT_PROTOTYPES = YES;
				CLANG_WARN_SUSPICIOUS_MOVE = YES;
				CLANG_WARN_UNGUARDED_AVAILABILITY = YES_AGGRESSIVE;
				CLANG_WARN_UNREACHABLE_CODE = YES;
				CLANG_WARN__DUPLICATE_METHOD_MATCH = YES;
				CODE_SIGN_IDENTITY = "iPhone Developer";
				COPY_PHASE_STRIP = NO;
				DEBUG_INFORMATION_FORMAT = "dwarf-with-dsym";
				ENABLE_NS_ASSERTIONS = NO;
				ENABLE_STRICT_OBJC_MSGSEND = YES;
				GCC_C_LANGUAGE_STANDARD = gnu11;
				GCC_NO_COMMON_BLOCKS = YES;
				GCC_WARN_64_TO_32_BIT_CONVERSION = YES;
				GCC_WARN_ABOUT_RETURN_TYPE = YES_ERROR;
				GCC_WARN_UNDECLARED_SELECTOR = YES;
				GCC_WARN_UNINITIALIZED_AUTOS = YES_AGGRESSIVE;
				GCC_WARN_UNUSED_FUNCTION = YES;
				GCC_WARN_UNUSED_VARIABLE = YES;
				IPHONEOS_DEPLOYMENT_TARGET = 11.3;
				MTL_ENABLE_DEBUG_INFO = NO;
				SDKROOT = iphoneos;
				SWIFT_COMPILATION_MODE = wholemodule;
				SWIFT_OPTIMIZATION_LEVEL = "-O";
				VALIDATE_PRODUCT = YES;
			};
			name = Release;
		};
		AAE53BA420A9BAF400DB8BB0 /* Debug */ = {
			isa = XCBuildConfiguration;
			buildSettings = {
				ASSETCATALOG_COMPILER_APPICON_NAME = AppIcon;
				CODE_SIGN_STYLE = Automatic;
				DEVELOPMENT_TEAM = 5K43Q6FF67;
				INFOPLIST_FILE = "$(SRCROOT)/AudioEffects/Info.plist";
				LD_RUNPATH_SEARCH_PATHS = (
					"$(inherited)",
					"@executable_path/Frameworks",
				);
				PRODUCT_BUNDLE_IDENTIFIER = oar.AudioEffects;
				PRODUCT_NAME = "$(TARGET_NAME)";
				SWIFT_VERSION = 4.0;
				TARGETED_DEVICE_FAMILY = "1,2";
			};
			name = Debug;
		};
		AAE53BA520A9BAF400DB8BB0 /* Release */ = {
			isa = XCBuildConfiguration;
			buildSettings = {
				ASSETCATALOG_COMPILER_APPICON_NAME = AppIcon;
				CODE_SIGN_STYLE = Automatic;
				DEVELOPMENT_TEAM = 5K43Q6FF67;
				INFOPLIST_FILE = "$(SRCROOT)/AudioEffects/Info.plist";
				LD_RUNPATH_SEARCH_PATHS = (
					"$(inherited)",
					"@executable_path/Frameworks",
				);
				PRODUCT_BUNDLE_IDENTIFIER = oar.AudioEffects;
				PRODUCT_NAME = "$(TARGET_NAME)";
				SWIFT_VERSION = 4.0;
				TARGETED_DEVICE_FAMILY = "1,2";
			};
			name = Release;
		};
		AAE53BA720A9BAF400DB8BB0 /* Debug */ = {
			isa = XCBuildConfiguration;
			buildSettings = {
				ALWAYS_EMBED_SWIFT_STANDARD_LIBRARIES = YES;
				BUNDLE_LOADER = "$(TEST_HOST)";
				CODE_SIGN_STYLE = Automatic;
				DEVELOPMENT_TEAM = 5K43Q6FF67;
				INFOPLIST_FILE = TestAppTests/Info.plist;
				LD_RUNPATH_SEARCH_PATHS = (
					"$(inherited)",
					"@executable_path/Frameworks",
					"@loader_path/Frameworks",
				);
				PRODUCT_BUNDLE_IDENTIFIER = oar.TestAppTests;
				PRODUCT_NAME = "$(TARGET_NAME)";
				SWIFT_VERSION = 4.0;
				TARGETED_DEVICE_FAMILY = "1,2";
				TEST_HOST = "$(BUILT_PRODUCTS_DIR)/Audio Effects.app/Audio Effects";
			};
			name = Debug;
		};
		AAE53BA820A9BAF400DB8BB0 /* Release */ = {
			isa = XCBuildConfiguration;
			buildSettings = {
				ALWAYS_EMBED_SWIFT_STANDARD_LIBRARIES = YES;
				BUNDLE_LOADER = "$(TEST_HOST)";
				CODE_SIGN_STYLE = Automatic;
				DEVELOPMENT_TEAM = 5K43Q6FF67;
				INFOPLIST_FILE = TestAppTests/Info.plist;
				LD_RUNPATH_SEARCH_PATHS = (
					"$(inherited)",
					"@executable_path/Frameworks",
					"@loader_path/Frameworks",
				);
				PRODUCT_BUNDLE_IDENTIFIER = oar.TestAppTests;
				PRODUCT_NAME = "$(TARGET_NAME)";
				SWIFT_VERSION = 4.0;
				TARGETED_DEVICE_FAMILY = "1,2";
				TEST_HOST = "$(BUILT_PRODUCTS_DIR)/Audio Effects.app/Audio Effects";
			};
			name = Release;
		};
		AAE53BAA20A9BAF400DB8BB0 /* Debug */ = {
			isa = XCBuildConfiguration;
			buildSettings = {
				ALWAYS_EMBED_SWIFT_STANDARD_LIBRARIES = YES;
				CODE_SIGN_STYLE = Automatic;
				DEVELOPMENT_TEAM = 5K43Q6FF67;
				INFOPLIST_FILE = TestAppUITests/Info.plist;
				LD_RUNPATH_SEARCH_PATHS = (
					"$(inherited)",
					"@executable_path/Frameworks",
					"@loader_path/Frameworks",
				);
				PRODUCT_BUNDLE_IDENTIFIER = oar.TestAppUITests;
				PRODUCT_NAME = "$(TARGET_NAME)";
				SWIFT_VERSION = 4.0;
				TARGETED_DEVICE_FAMILY = "1,2";
				TEST_TARGET_NAME = TestApp;
			};
			name = Debug;
		};
		AAE53BAB20A9BAF400DB8BB0 /* Release */ = {
			isa = XCBuildConfiguration;
			buildSettings = {
				ALWAYS_EMBED_SWIFT_STANDARD_LIBRARIES = YES;
				CODE_SIGN_STYLE = Automatic;
				DEVELOPMENT_TEAM = 5K43Q6FF67;
				INFOPLIST_FILE = TestAppUITests/Info.plist;
				LD_RUNPATH_SEARCH_PATHS = (
					"$(inherited)",
					"@executable_path/Frameworks",
					"@loader_path/Frameworks",
				);
				PRODUCT_BUNDLE_IDENTIFIER = oar.TestAppUITests;
				PRODUCT_NAME = "$(TARGET_NAME)";
				SWIFT_VERSION = 4.0;
				TARGETED_DEVICE_FAMILY = "1,2";
				TEST_TARGET_NAME = TestApp;
			};
			name = Release;
		};
/* End XCBuildConfiguration section */

/* Begin XCConfigurationList section */
		AAE53B7320A9BAF200DB8BB0 /* Build configuration list for PBXProject "Audio Effects" */ = {
			isa = XCConfigurationList;
			buildConfigurations = (
				AAE53BA120A9BAF400DB8BB0 /* Debug */,
				AAE53BA220A9BAF400DB8BB0 /* Release */,
			);
			defaultConfigurationIsVisible = 0;
			defaultConfigurationName = Release;
		};
		AAE53BA320A9BAF400DB8BB0 /* Build configuration list for PBXNativeTarget "Audio Effects" */ = {
			isa = XCConfigurationList;
			buildConfigurations = (
				AAE53BA420A9BAF400DB8BB0 /* Debug */,
				AAE53BA520A9BAF400DB8BB0 /* Release */,
			);
			defaultConfigurationIsVisible = 0;
			defaultConfigurationName = Release;
		};
		AAE53BA620A9BAF400DB8BB0 /* Build configuration list for PBXNativeTarget "Audio EffectsTests" */ = {
			isa = XCConfigurationList;
			buildConfigurations = (
				AAE53BA720A9BAF400DB8BB0 /* Debug */,
				AAE53BA820A9BAF400DB8BB0 /* Release */,
			);
			defaultConfigurationIsVisible = 0;
			defaultConfigurationName = Release;
		};
		AAE53BA920A9BAF400DB8BB0 /* Build configuration list for PBXNativeTarget "Audio EffectsUITests" */ = {
			isa = XCConfigurationList;
			buildConfigurations = (
				AAE53BAA20A9BAF400DB8BB0 /* Debug */,
				AAE53BAB20A9BAF400DB8BB0 /* Release */,
			);
			defaultConfigurationIsVisible = 0;
			defaultConfigurationName = Release;
		};
/* End XCConfigurationList section */

/* Begin XCVersionGroup section */
		AAE53B8220A9BAF300DB8BB0 /* TestApp.xcdatamodeld */ = {
			isa = XCVersionGroup;
			children = (
				AAE53B8320A9BAF300DB8BB0 /* TestApp.xcdatamodel */,
			);
			currentVersion = AAE53B8320A9BAF300DB8BB0 /* TestApp.xcdatamodel */;
			path = TestApp.xcdatamodeld;
			sourceTree = "<group>";
			versionGroupType = wrapper.xcdatamodel;
		};
/* End XCVersionGroup section */
	};
	rootObject = AAE53B7020A9BAF200DB8BB0 /* Project object */;
}
